// !$*UTF8*$!
{
	archiveVersion = 1;
	classes = {
	};
	objectVersion = 48;
	objects = {

/* Begin PBXBuildFile section */
		2D32472C206381C400FABC95 /* AppDelegate.m in Sources */ = {isa = PBXBuildFile; fileRef = 2D32472B206381C400FABC95 /* AppDelegate.m */; };
		2D32472F206381C400FABC95 /* ViewController.m in Sources */ = {isa = PBXBuildFile; fileRef = 2D32472E206381C400FABC95 /* ViewController.m */; };
		2D324732206381C400FABC95 /* Main.storyboard in Resources */ = {isa = PBXBuildFile; fileRef = 2D324730206381C400FABC95 /* Main.storyboard */; };
		2D324734206381C400FABC95 /* Assets.xcassets in Resources */ = {isa = PBXBuildFile; fileRef = 2D324733206381C400FABC95 /* Assets.xcassets */; };
		2D324737206381C400FABC95 /* LaunchScreen.storyboard in Resources */ = {isa = PBXBuildFile; fileRef = 2D324735206381C400FABC95 /* LaunchScreen.storyboard */; };
		2D32473A206381C400FABC95 /* main.m in Sources */ = {isa = PBXBuildFile; fileRef = 2D324739206381C400FABC95 /* main.m */; };
		2D324747206384EF00FABC95 /* UIViewExt.m in Sources */ = {isa = PBXBuildFile; fileRef = 2D324741206384EE00FABC95 /* UIViewExt.m */; };
		2D324748206384EF00FABC95 /* UIView+TYCViewController.m in Sources */ = {isa = PBXBuildFile; fileRef = 2D324744206384EF00FABC95 /* UIView+TYCViewController.m */; };
		2D324749206384EF00FABC95 /* UIColor+Hex.m in Sources */ = {isa = PBXBuildFile; fileRef = 2D324745206384EF00FABC95 /* UIColor+Hex.m */; };
		2DABDB96206A168A00AD8944 /* RacViewController.m in Sources */ = {isa = PBXBuildFile; fileRef = 2DABDB95206A168A00AD8944 /* RacViewController.m */; };
		2DABDB99206A170500AD8944 /* Person.m in Sources */ = {isa = PBXBuildFile; fileRef = 2DABDB98206A170500AD8944 /* Person.m */; };
		B464F4B39D33E2807DE88BB0 /* libPods-HelloLuckTang.a in Frameworks */ = {isa = PBXBuildFile; fileRef = 45BBEBD33157B2D19EB950A8 /* libPods-HelloLuckTang.a */; };
/* End PBXBuildFile section */

/* Begin PBXFileReference section */
		13590FCEC8551661CEFA19C6 /* Pods-HelloLuckTang.release.xcconfig */ = {isa = PBXFileReference; includeInIndex = 1; lastKnownFileType = text.xcconfig; name = "Pods-HelloLuckTang.release.xcconfig"; path = "Pods/Target Support Files/Pods-HelloLuckTang/Pods-HelloLuckTang.release.xcconfig"; sourceTree = "<group>"; };
		2D324727206381C400FABC95 /* HelloLuckTang.app */ = {isa = PBXFileReference; explicitFileType = wrapper.application; includeInIndex = 0; path = HelloLuckTang.app; sourceTree = BUILT_PRODUCTS_DIR; };
		2D32472A206381C400FABC95 /* AppDelegate.h */ = {isa = PBXFileReference; lastKnownFileType = sourcecode.c.h; path = AppDelegate.h; sourceTree = "<group>"; };
		2D32472B206381C400FABC95 /* AppDelegate.m */ = {isa = PBXFileReference; lastKnownFileType = sourcecode.c.objc; path = AppDelegate.m; sourceTree = "<group>"; };
		2D32472D206381C400FABC95 /* ViewController.h */ = {isa = PBXFileReference; lastKnownFileType = sourcecode.c.h; path = ViewController.h; sourceTree = "<group>"; };
		2D32472E206381C400FABC95 /* ViewController.m */ = {isa = PBXFileReference; lastKnownFileType = sourcecode.c.objc; path = ViewController.m; sourceTree = "<group>"; };
		2D324731206381C400FABC95 /* Base */ = {isa = PBXFileReference; lastKnownFileType = file.storyboard; name = Base; path = Base.lproj/Main.storyboard; sourceTree = "<group>"; };
		2D324733206381C400FABC95 /* Assets.xcassets */ = {isa = PBXFileReference; lastKnownFileType = folder.assetcatalog; path = Assets.xcassets; sourceTree = "<group>"; };
		2D324736206381C400FABC95 /* Base */ = {isa = PBXFileReference; lastKnownFileType = file.storyboard; name = Base; path = Base.lproj/LaunchScreen.storyboard; sourceTree = "<group>"; };
		2D324738206381C400FABC95 /* Info.plist */ = {isa = PBXFileReference; lastKnownFileType = text.plist.xml; path = Info.plist; sourceTree = "<group>"; };
		2D324739206381C400FABC95 /* main.m */ = {isa = PBXFileReference; lastKnownFileType = sourcecode.c.objc; path = main.m; sourceTree = "<group>"; };
		2D324741206384EE00FABC95 /* UIViewExt.m */ = {isa = PBXFileReference; fileEncoding = 4; lastKnownFileType = sourcecode.c.objc; path = UIViewExt.m; sourceTree = "<group>"; };
		2D324742206384EF00FABC95 /* UIColor+Hex.h */ = {isa = PBXFileReference; fileEncoding = 4; lastKnownFileType = sourcecode.c.h; path = "UIColor+Hex.h"; sourceTree = "<group>"; };
		2D324743206384EF00FABC95 /* UIViewExt.h */ = {isa = PBXFileReference; fileEncoding = 4; lastKnownFileType = sourcecode.c.h; path = UIViewExt.h; sourceTree = "<group>"; };
		2D324744206384EF00FABC95 /* UIView+TYCViewController.m */ = {isa = PBXFileReference; fileEncoding = 4; lastKnownFileType = sourcecode.c.objc; path = "UIView+TYCViewController.m"; sourceTree = "<group>"; };
		2D324745206384EF00FABC95 /* UIColor+Hex.m */ = {isa = PBXFileReference; fileEncoding = 4; lastKnownFileType = sourcecode.c.objc; path = "UIColor+Hex.m"; sourceTree = "<group>"; };
		2D324746206384EF00FABC95 /* UIView+TYCViewController.h */ = {isa = PBXFileReference; fileEncoding = 4; lastKnownFileType = sourcecode.c.h; path = "UIView+TYCViewController.h"; sourceTree = "<group>"; };
		2D32474A2063851900FABC95 /* HelloLuckTang.pch */ = {isa = PBXFileReference; lastKnownFileType = sourcecode.c.h; path = HelloLuckTang.pch; sourceTree = "<group>"; };
		2D32474B2063859400FABC95 /* Macros.h */ = {isa = PBXFileReference; lastKnownFileType = sourcecode.c.h; path = Macros.h; sourceTree = "<group>"; };
		2D32474C206385A700FABC95 /* RuleMacros.h */ = {isa = PBXFileReference; lastKnownFileType = sourcecode.c.h; path = RuleMacros.h; sourceTree = "<group>"; };
		2DABDB94206A168A00AD8944 /* RacViewController.h */ = {isa = PBXFileReference; lastKnownFileType = sourcecode.c.h; path = RacViewController.h; sourceTree = "<group>"; };
		2DABDB95206A168A00AD8944 /* RacViewController.m */ = {isa = PBXFileReference; lastKnownFileType = sourcecode.c.objc; path = RacViewController.m; sourceTree = "<group>"; };
		2DABDB97206A170400AD8944 /* Person.h */ = {isa = PBXFileReference; lastKnownFileType = sourcecode.c.h; path = Person.h; sourceTree = "<group>"; };
		2DABDB98206A170500AD8944 /* Person.m */ = {isa = PBXFileReference; lastKnownFileType = sourcecode.c.objc; path = Person.m; sourceTree = "<group>"; };
		45BBEBD33157B2D19EB950A8 /* libPods-HelloLuckTang.a */ = {isa = PBXFileReference; explicitFileType = archive.ar; includeInIndex = 0; path = "libPods-HelloLuckTang.a"; sourceTree = BUILT_PRODUCTS_DIR; };
		6BCD4BF880923160E96623AA /* Pods-HelloLuckTang.debug.xcconfig */ = {isa = PBXFileReference; includeInIndex = 1; lastKnownFileType = text.xcconfig; name = "Pods-HelloLuckTang.debug.xcconfig"; path = "Pods/Target Support Files/Pods-HelloLuckTang/Pods-HelloLuckTang.debug.xcconfig"; sourceTree = "<group>"; };
/* End PBXFileReference section */

/* Begin PBXFrameworksBuildPhase section */
		2D324724206381C400FABC95 /* Frameworks */ = {
			isa = PBXFrameworksBuildPhase;
			buildActionMask = 2147483647;
			files = (
				B464F4B39D33E2807DE88BB0 /* libPods-HelloLuckTang.a in Frameworks */,
			);
			runOnlyForDeploymentPostprocessing = 0;
		};
/* End PBXFrameworksBuildPhase section */

/* Begin PBXGroup section */
		06499F044FB47E30654960B2 /* Frameworks */ = {
			isa = PBXGroup;
			children = (
				45BBEBD33157B2D19EB950A8 /* libPods-HelloLuckTang.a */,
			);
			name = Frameworks;
			sourceTree = "<group>";
		};
		2D32471E206381C400FABC95 = {
			isa = PBXGroup;
			children = (
				2D324729206381C400FABC95 /* HelloLuckTang */,
				2D324728206381C400FABC95 /* Products */,
				6EEBF2ED46911A9EBADF11B3 /* Pods */,
				06499F044FB47E30654960B2 /* Frameworks */,
			);
			sourceTree = "<group>";
		};
		2D324728206381C400FABC95 /* Products */ = {
			isa = PBXGroup;
			children = (
				2D324727206381C400FABC95 /* HelloLuckTang.app */,
			);
			name = Products;
			sourceTree = "<group>";
		};
		2D324729206381C400FABC95 /* HelloLuckTang */ = {
			isa = PBXGroup;
			children = (
				2D32472A206381C400FABC95 /* AppDelegate.h */,
				2D32472B206381C400FABC95 /* AppDelegate.m */,
				2D32472D206381C400FABC95 /* ViewController.h */,
				2D32472E206381C400FABC95 /* ViewController.m */,
				2DABDB94206A168A00AD8944 /* RacViewController.h */,
				2DABDB95206A168A00AD8944 /* RacViewController.m */,
				2DABDB97206A170400AD8944 /* Person.h */,
				2DABDB98206A170500AD8944 /* Person.m */,
				2D324730206381C400FABC95 /* Main.storyboard */,
				2D324733206381C400FABC95 /* Assets.xcassets */,
				2D324735206381C400FABC95 /* LaunchScreen.storyboard */,
				2D324738206381C400FABC95 /* Info.plist */,
				2D324739206381C400FABC95 /* main.m */,
				2D32474A2063851900FABC95 /* HelloLuckTang.pch */,
				2D32474B2063859400FABC95 /* Macros.h */,
				2D32474C206385A700FABC95 /* RuleMacros.h */,
				2D3247402063849100FABC95 /* Tools */,
			);
			path = HelloLuckTang;
			sourceTree = "<group>";
		};
		2D3247402063849100FABC95 /* Tools */ = {
			isa = PBXGroup;
			children = (
				2D324742206384EF00FABC95 /* UIColor+Hex.h */,
				2D324745206384EF00FABC95 /* UIColor+Hex.m */,
				2D324746206384EF00FABC95 /* UIView+TYCViewController.h */,
				2D324744206384EF00FABC95 /* UIView+TYCViewController.m */,
				2D324743206384EF00FABC95 /* UIViewExt.h */,
				2D324741206384EE00FABC95 /* UIViewExt.m */,
			);
			path = Tools;
			sourceTree = "<group>";
		};
		6EEBF2ED46911A9EBADF11B3 /* Pods */ = {
			isa = PBXGroup;
			children = (
				6BCD4BF880923160E96623AA /* Pods-HelloLuckTang.debug.xcconfig */,
				13590FCEC8551661CEFA19C6 /* Pods-HelloLuckTang.release.xcconfig */,
			);
			name = Pods;
			sourceTree = "<group>";
		};
/* End PBXGroup section */

/* Begin PBXNativeTarget section */
		2D324726206381C400FABC95 /* HelloLuckTang */ = {
			isa = PBXNativeTarget;
			buildConfigurationList = 2D32473D206381C400FABC95 /* Build configuration list for PBXNativeTarget "HelloLuckTang" */;
			buildPhases = (
				2E92E859CE8128CF3F758B5A /* [CP] Check Pods Manifest.lock */,
				2D324723206381C400FABC95 /* Sources */,
				2D324724206381C400FABC95 /* Frameworks */,
				2D324725206381C400FABC95 /* Resources */,
				695360F839349BA9B4A5A37C /* [CP] Embed Pods Frameworks */,
				99B0FC14643C4EBF691EFEB1 /* [CP] Copy Pods Resources */,
			);
			buildRules = (
			);
			dependencies = (
			);
			name = HelloLuckTang;
			productName = HelloLuckTang;
			productReference = 2D324727206381C400FABC95 /* HelloLuckTang.app */;
			productType = "com.apple.product-type.application";
		};
/* End PBXNativeTarget section */

/* Begin PBXProject section */
		2D32471F206381C400FABC95 /* Project object */ = {
			isa = PBXProject;
			attributes = {
				LastUpgradeCheck = 0920;
				ORGANIZATIONNAME = "中发";
				TargetAttributes = {
					2D324726206381C400FABC95 = {
						CreatedOnToolsVersion = 9.2;
						ProvisioningStyle = Automatic;
					};
				};
			};
			buildConfigurationList = 2D324722206381C400FABC95 /* Build configuration list for PBXProject "HelloLuckTang" */;
			compatibilityVersion = "Xcode 8.0";
			developmentRegion = en;
			hasScannedForEncodings = 0;
			knownRegions = (
				en,
				Base,
			);
			mainGroup = 2D32471E206381C400FABC95;
			productRefGroup = 2D324728206381C400FABC95 /* Products */;
			projectDirPath = "";
			projectRoot = "";
			targets = (
				2D324726206381C400FABC95 /* HelloLuckTang */,
			);
		};
/* End PBXProject section */

/* Begin PBXResourcesBuildPhase section */
		2D324725206381C400FABC95 /* Resources */ = {
			isa = PBXResourcesBuildPhase;
			buildActionMask = 2147483647;
			files = (
				2D324737206381C400FABC95 /* LaunchScreen.storyboard in Resources */,
				2D324734206381C400FABC95 /* Assets.xcassets in Resources */,
				2D324732206381C400FABC95 /* Main.storyboard in Resources */,
			);
			runOnlyForDeploymentPostprocessing = 0;
		};
/* End PBXResourcesBuildPhase section */

/* Begin PBXShellScriptBuildPhase section */
		2E92E859CE8128CF3F758B5A /* [CP] Check Pods Manifest.lock */ = {
			isa = PBXShellScriptBuildPhase;
			buildActionMask = 2147483647;
			files = (
			);
			inputPaths = (
				"${PODS_PODFILE_DIR_PATH}/Podfile.lock",
				"${PODS_ROOT}/Manifest.lock",
			);
			name = "[CP] Check Pods Manifest.lock";
			outputPaths = (
				"$(DERIVED_FILE_DIR)/Pods-HelloLuckTang-checkManifestLockResult.txt",
			);
			runOnlyForDeploymentPostprocessing = 0;
			shellPath = /bin/sh;
			shellScript = "diff \"${PODS_PODFILE_DIR_PATH}/Podfile.lock\" \"${PODS_ROOT}/Manifest.lock\" > /dev/null\nif [ $? != 0 ] ; then\n    # print error to STDERR\n    echo \"error: The sandbox is not in sync with the Podfile.lock. Run 'pod install' or update your CocoaPods installation.\" >&2\n    exit 1\nfi\n# This output is used by Xcode 'outputs' to avoid re-running this script phase.\necho \"SUCCESS\" > \"${SCRIPT_OUTPUT_FILE_0}\"\n";
			showEnvVarsInLog = 0;
		};
		695360F839349BA9B4A5A37C /* [CP] Embed Pods Frameworks */ = {
			isa = PBXShellScriptBuildPhase;
			buildActionMask = 2147483647;
			files = (
			);
			inputPaths = (
			);
			name = "[CP] Embed Pods Frameworks";
			outputPaths = (
			);
			runOnlyForDeploymentPostprocessing = 0;
			shellPath = /bin/sh;
			shellScript = "\"${SRCROOT}/Pods/Target Support Files/Pods-HelloLuckTang/Pods-HelloLuckTang-frameworks.sh\"\n";
			showEnvVarsInLog = 0;
		};
		99B0FC14643C4EBF691EFEB1 /* [CP] Copy Pods Resources */ = {
			isa = PBXShellScriptBuildPhase;
			buildActionMask = 2147483647;
			files = (
			);
			inputPaths = (
			);
			name = "[CP] Copy Pods Resources";
			outputPaths = (
			);
			runOnlyForDeploymentPostprocessing = 0;
			shellPath = /bin/sh;
			shellScript = "\"${SRCROOT}/Pods/Target Support Files/Pods-HelloLuckTang/Pods-HelloLuckTang-resources.sh\"\n";
			showEnvVarsInLog = 0;
		};
/* End PBXShellScriptBuildPhase section */

/* Begin PBXSourcesBuildPhase section */
		2D324723206381C400FABC95 /* Sources */ = {
			isa = PBXSourcesBuildPhase;
			buildActionMask = 2147483647;
			files = (
				2DABDB96206A168A00AD8944 /* RacViewController.m in Sources */,
				2D324747206384EF00FABC95 /* UIViewExt.m in Sources */,
				2DABDB99206A170500AD8944 /* Person.m in Sources */,
				2D324749206384EF00FABC95 /* UIColor+Hex.m in Sources */,
				2D32472F206381C400FABC95 /* ViewController.m in Sources */,
				2D324748206384EF00FABC95 /* UIView+TYCViewController.m in Sources */,
				2D32473A206381C400FABC95 /* main.m in Sources */,
				2D32472C206381C400FABC95 /* AppDelegate.m in Sources */,
			);
			runOnlyForDeploymentPostprocessing = 0;
		};
/* End PBXSourcesBuildPhase section */

/* Begin PBXVariantGroup section */
		2D324730206381C400FABC95 /* Main.storyboard */ = {
			isa = PBXVariantGroup;
			children = (
				2D324731206381C400FABC95 /* Base */,
			);
			name = Main.storyboard;
			sourceTree = "<group>";
		};
		2D324735206381C400FABC95 /* LaunchScreen.storyboard */ = {
			isa = PBXVariantGroup;
			children = (
				2D324736206381C400FABC95 /* Base */,
			);
			name = LaunchScreen.storyboard;
			sourceTree = "<group>";
		};
/* End PBXVariantGroup section */

/* Begin XCBuildConfiguration section */
		2D32473B206381C400FABC95 /* Debug */ = {
			isa = XCBuildConfiguration;
			buildSettings = {
				ALWAYS_SEARCH_USER_PATHS = NO;
				CLANG_ANALYZER_NONNULL = YES;
				CLANG_ANALYZER_NUMBER_OBJECT_CONVERSION = YES_AGGRESSIVE;
				CLANG_CXX_LANGUAGE_STANDARD = "gnu++14";
				CLANG_CXX_LIBRARY = "libc++";
				CLANG_ENABLE_MODULES = YES;
				CLANG_ENABLE_OBJC_ARC = YES;
				CLANG_WARN_BLOCK_CAPTURE_AUTORELEASING = YES;
				CLANG_WARN_BOOL_CONVERSION = YES;
				CLANG_WARN_COMMA = YES;
				CLANG_WARN_CONSTANT_CONVERSION = YES;
				CLANG_WARN_DIRECT_OBJC_ISA_USAGE = YES_ERROR;
				CLANG_WARN_DOCUMENTATION_COMMENTS = YES;
				CLANG_WARN_EMPTY_BODY = YES;
				CLANG_WARN_ENUM_CONVERSION = YES;
				CLANG_WARN_INFINITE_RECURSION = YES;
				CLANG_WARN_INT_CONVERSION = YES;
				CLANG_WARN_NON_LITERAL_NULL_CONVERSION = YES;
				CLANG_WARN_OBJC_LITERAL_CONVERSION = YES;
				CLANG_WARN_OBJC_ROOT_CLASS = YES_ERROR;
				CLANG_WARN_RANGE_LOOP_ANALYSIS = YES;
				CLANG_WARN_STRICT_PROTOTYPES = YES;
				CLANG_WARN_SUSPICIOUS_MOVE = YES;
				CLANG_WARN_UNGUARDED_AVAILABILITY = YES_AGGRESSIVE;
				CLANG_WARN_UNREACHABLE_CODE = YES;
				CLANG_WARN__DUPLICATE_METHOD_MATCH = YES;
				CODE_SIGN_IDENTITY = "iPhone Developer";
				COPY_PHASE_STRIP = NO;
				DEBUG_INFORMATION_FORMAT = dwarf;
				ENABLE_STRICT_OBJC_MSGSEND = YES;
				ENABLE_TESTABILITY = YES;
				GCC_C_LANGUAGE_STANDARD = gnu11;
				GCC_DYNAMIC_NO_PIC = NO;
				GCC_NO_COMMON_BLOCKS = YES;
				GCC_OPTIMIZATION_LEVEL = 0;
				GCC_PREPROCESSOR_DEFINITIONS = (
					"DEBUG=1",
					"$(inherited)",
				);
				GCC_WARN_64_TO_32_BIT_CONVERSION = YES;
				GCC_WARN_ABOUT_RETURN_TYPE = YES_ERROR;
				GCC_WARN_UNDECLARED_SELECTOR = YES;
				GCC_WARN_UNINITIALIZED_AUTOS = YES_AGGRESSIVE;
				GCC_WARN_UNUSED_FUNCTION = YES;
				GCC_WARN_UNUSED_VARIABLE = YES;
				IPHONEOS_DEPLOYMENT_TARGET = 11.2;
				MTL_ENABLE_DEBUG_INFO = YES;
				ONLY_ACTIVE_ARCH = YES;
				SDKROOT = iphoneos;
			};
			name = Debug;
		};
		2D32473C206381C400FABC95 /* Release */ = {
			isa = XCBuildConfiguration;
			buildSettings = {
				ALWAYS_SEARCH_USER_PATHS = NO;
				CLANG_ANALYZER_NONNULL = YES;
				CLANG_ANALYZER_NUMBER_OBJECT_CONVERSION = YES_AGGRESSIVE;
				CLANG_CXX_LANGUAGE_STANDARD = "gnu++14";
				CLANG_CXX_LIBRARY = "libc++";
				CLANG_ENABLE_MODULES = YES;
				CLANG_ENABLE_OBJC_ARC = YES;
				CLANG_WARN_BLOCK_CAPTURE_AUTORELEASING = YES;
				CLANG_WARN_BOOL_CONVERSION = YES;
				CLANG_WARN_COMMA = YES;
				CLANG_WARN_CONSTANT_CONVERSION = YES;
				CLANG_WARN_DIRECT_OBJC_ISA_USAGE = YES_ERROR;
				CLANG_WARN_DOCUMENTATION_COMMENTS = YES;
				CLANG_WARN_EMPTY_BODY = YES;
				CLANG_WARN_ENUM_CONVERSION = YES;
				CLANG_WARN_INFINITE_RECURSION = YES;
				CLANG_WARN_INT_CONVERSION = YES;
				CLANG_WARN_NON_LITERAL_NULL_CONVERSION = YES;
				CLANG_WARN_OBJC_LITERAL_CONVERSION = YES;
				CLANG_WARN_OBJC_ROOT_CLASS = YES_ERROR;
				CLANG_WARN_RANGE_LOOP_ANALYSIS = YES;
				CLANG_WARN_STRICT_PROTOTYPES = YES;
				CLANG_WARN_SUSPICIOUS_MOVE = YES;
				CLANG_WARN_UNGUARDED_AVAILABILITY = YES_AGGRESSIVE;
				CLANG_WARN_UNREACHABLE_CODE = YES;
				CLANG_WARN__DUPLICATE_METHOD_MATCH = YES;
				CODE_SIGN_IDENTITY = "iPhone Developer";
				COPY_PHASE_STRIP = NO;
				DEBUG_INFORMATION_FORMAT = "dwarf-with-dsym";
				ENABLE_NS_ASSERTIONS = NO;
				ENABLE_STRICT_OBJC_MSGSEND = YES;
				GCC_C_LANGUAGE_STANDARD = gnu11;
				GCC_NO_COMMON_BLOCKS = YES;
				GCC_WARN_64_TO_32_BIT_CONVERSION = YES;
				GCC_WARN_ABOUT_RETURN_TYPE = YES_ERROR;
				GCC_WARN_UNDECLARED_SELECTOR = YES;
				GCC_WARN_UNINITIALIZED_AUTOS = YES_AGGRESSIVE;
				GCC_WARN_UNUSED_FUNCTION = YES;
				GCC_WARN_UNUSED_VARIABLE = YES;
				IPHONEOS_DEPLOYMENT_TARGET = 11.2;
				MTL_ENABLE_DEBUG_INFO = NO;
				SDKROOT = iphoneos;
				VALIDATE_PRODUCT = YES;
			};
			name = Release;
		};
		2D32473E206381C400FABC95 /* Debug */ = {
			isa = XCBuildConfiguration;
			baseConfigurationReference = 6BCD4BF880923160E96623AA /* Pods-HelloLuckTang.debug.xcconfig */;
			buildSettings = {
				ASSETCATALOG_COMPILER_APPICON_NAME = AppIcon;
				CODE_SIGN_STYLE = Automatic;
				DEVELOPMENT_TEAM = 832LY843KW;
				GCC_PREFIX_HEADER = HelloLuckTang/HelloLuckTang.pch;
				INFOPLIST_FILE = HelloLuckTang/Info.plist;
				IPHONEOS_DEPLOYMENT_TARGET = 9.0;
				LD_RUNPATH_SEARCH_PATHS = "$(inherited) @executable_path/Frameworks";
				PRODUCT_BUNDLE_IDENTIFIER = com.cecbb.HelloLuckTang;
				PRODUCT_NAME = "$(TARGET_NAME)";
				TARGETED_DEVICE_FAMILY = "1,2";
			};
			name = Debug;
		};
		2D32473F206381C400FABC95 /* Release */ = {
			isa = XCBuildConfiguration;
			baseConfigurationReference = 13590FCEC8551661CEFA19C6 /* Pods-HelloLuckTang.release.xcconfig */;
			buildSettings = {
				ASSETCATALOG_COMPILER_APPICON_NAME = AppIcon;
				CODE_SIGN_STYLE = Automatic;
				DEVELOPMENT_TEAM = 832LY843KW;
				GCC_PREFIX_HEADER = HelloLuckTang/HelloLuckTang.pch;
				INFOPLIST_FILE = HelloLuckTang/Info.plist;
				IPHONEOS_DEPLOYMENT_TARGET = 9.0;
				LD_RUNPATH_SEARCH_PATHS = "$(inherited) @executable_path/Frameworks";
				PRODUCT_BUNDLE_IDENTIFIER = com.cecbb.HelloLuckTang;
				PRODUCT_NAME = "$(TARGET_NAME)";
				TARGETED_DEVICE_FAMILY = "1,2";
			};
			name = Release;
		};
/* End XCBuildConfiguration section */

/* Begin XCConfigurationList section */
		2D324722206381C400FABC95 /* Build configuration list for PBXProject "HelloLuckTang" */ = {
			isa = XCConfigurationList;
			buildConfigurations = (
				2D32473B206381C400FABC95 /* Debug */,
				2D32473C206381C400FABC95 /* Release */,
			);
			defaultConfigurationIsVisible = 0;
			defaultConfigurationName = Release;
		};
		2D32473D206381C400FABC95 /* Build configuration list for PBXNativeTarget "HelloLuckTang" */ = {
			isa = XCConfigurationList;
			buildConfigurations = (
				2D32473E206381C400FABC95 /* Debug */,
				2D32473F206381C400FABC95 /* Release */,
			);
			defaultConfigurationIsVisible = 0;
			defaultConfigurationName = Release;
		};
/* End XCConfigurationList section */
	};
	rootObject = 2D32471F206381C400FABC95 /* Project object */;
}
